
Microsoft Visual Studio Solution File, Format Version 12.00
# Visual Studio Version 16
VisualStudioVersion = 16.0.33529.622
MinimumVisualStudioVersion = 10.0.40219.1
Project("{FAE04EC0-301F-11D3-BF4B-00C04F79EFBC}") = "SpectateStudio", "SpectateStudio.csproj", "{01751EB8-D5F5-4F70-B53B-C5755D97D438}"
EndProject
Global
	GlobalSection(SolutionConfigurationPlatforms) = preSolution
		Debug|Any CPU = Debug|Any CPU
		Release|Any CPU = Release|Any CPU
	EndGlobalSection
	GlobalSection(ProjectConfigurationPlatforms) = postSolution
		{01751EB8-D5F5-4F70-B53B-C5755D97D438}.Debug|Any CPU.ActiveCfg = Debug|Any CPU
		{01751EB8-D5F5-4F70-B53B-C5755D97D438}.Debug|Any CPU.Build.0 = Debug|Any CPU
		{01751EB8-D5F5-4F70-B53B-C5755D97D438}.Release|Any CPU.ActiveCfg = Release|Any CPU
		{01751EB8-D5F5-4F70-B53B-C5755D97D438}.Release|Any CPU.Build.0 = Release|Any CPU
	EndGlobalSection
	GlobalSection(SolutionProperties) = preSolution
		HideSolutionNode = FALSE
	EndGlobalSection
	GlobalSection(ExtensibilityGlobals) = postSolution
		SolutionGuid = {194FF0D1-EBC9-47B7-8605-C0973225EB67}
	EndGlobalSection
EndGlobal
